
Microsoft Visual Studio Solution File, Format Version 12.00
# Visual Studio Version 17
VisualStudioVersion = 17.6.33815.320
MinimumVisualStudioVersion = 10.0.40219.1
Project("{FAE04EC0-301F-11D3-BF4B-00C04F79EFBC}") = "Test_B1", "Test_B1\Test_B1.csproj", "{F2BF99AC-1B1F-475B-8C72-992CDB3AA859}"
EndProject
Global
	GlobalSection(SolutionConfigurationPlatforms) = preSolution
		Debug|Any CPU = Debug|Any CPU
		Release|Any CPU = Release|Any CPU
	EndGlobalSection
	GlobalSection(ProjectConfigurationPlatforms) = postSolution
		{F2BF99AC-1B1F-475B-8C72-992CDB3AA859}.Debug|Any CPU.ActiveCfg = Debug|Any CPU
		{F2BF99AC-1B1F-475B-8C72-992CDB3AA859}.Debug|Any CPU.Build.0 = Debug|Any CPU
		{F2BF99AC-1B1F-475B-8C72-992CDB3AA859}.Release|Any CPU.ActiveCfg = Release|Any CPU
		{F2BF99AC-1B1F-475B-8C72-992CDB3AA859}.Release|Any CPU.Build.0 = Release|Any CPU
	EndGlobalSection
	GlobalSection(SolutionProperties) = preSolution
		HideSolutionNode = FALSE
	EndGlobalSection
	GlobalSection(ExtensibilityGlobals) = postSolution
		SolutionGuid = {751DB8CD-57B3-43AF-B5BE-0743EB49F035}
	EndGlobalSection
EndGlobal
